// !$*UTF8*$!
{
	archiveVersion = 1;
	classes = {
	};
	objectVersion = 56;
	objects = {

/* Begin PBXBuildFile section */
		600BECC42B9F9E440081AF4A /* AppDelegate.swift in Sources */ = {isa = PBXBuildFile; fileRef = 600BECC32B9F9E440081AF4A /* AppDelegate.swift */; };
		600BECC62B9F9E440081AF4A /* SceneDelegate.swift in Sources */ = {isa = PBXBuildFile; fileRef = 600BECC52B9F9E440081AF4A /* SceneDelegate.swift */; };
		600BECCB2B9F9E440081AF4A /* Main.storyboard in Resources */ = {isa = PBXBuildFile; fileRef = 600BECC92B9F9E440081AF4A /* Main.storyboard */; };
		600BECCD2B9F9E460081AF4A /* Assets.xcassets in Resources */ = {isa = PBXBuildFile; fileRef = 600BECCC2B9F9E460081AF4A /* Assets.xcassets */; };
		600BECD02B9F9E460081AF4A /* LaunchScreen.storyboard in Resources */ = {isa = PBXBuildFile; fileRef = 600BECCE2B9F9E460081AF4A /* LaunchScreen.storyboard */; };
		600BECD82B9F9E810081AF4A /* CitiesViewController.swift in Sources */ = {isa = PBXBuildFile; fileRef = 600BECD72B9F9E810081AF4A /* CitiesViewController.swift */; };
		600BECDA2B9F9E8B0081AF4A /* ForecastViewController.swift in Sources */ = {isa = PBXBuildFile; fileRef = 600BECD92B9F9E8B0081AF4A /* ForecastViewController.swift */; };
		600BECDF2B9F9F2B0081AF4A /* ForecastTableViewCell.swift in Sources */ = {isa = PBXBuildFile; fileRef = 600BECDD2B9F9F2B0081AF4A /* ForecastTableViewCell.swift */; };
		600BECE02B9F9F2B0081AF4A /* ForecastTableViewCell.xib in Resources */ = {isa = PBXBuildFile; fileRef = 600BECDE2B9F9F2B0081AF4A /* ForecastTableViewCell.xib */; };
		852A2BDE2BA8E252008EA145 /* PKHUD in Frameworks */ = {isa = PBXBuildFile; productRef = 852A2BDD2BA8E252008EA145 /* PKHUD */; };
		856335202B9FD3AA0004715A /* Alamofire in Frameworks */ = {isa = PBXBuildFile; productRef = 8563351F2B9FD3AA0004715A /* Alamofire */; };
		856335222B9FD3AA0004715A /* AlamofireDynamic in Frameworks */ = {isa = PBXBuildFile; productRef = 856335212B9FD3AA0004715A /* AlamofireDynamic */; };
		856335252B9FD3D80004715A /* Kingfisher in Frameworks */ = {isa = PBXBuildFile; productRef = 856335242B9FD3D80004715A /* Kingfisher */; };
		856335282B9FD3F90004715A /* SwiftyJSON in Frameworks */ = {isa = PBXBuildFile; productRef = 856335272B9FD3F90004715A /* SwiftyJSON */; };
		8563352A2B9FDC540004715A /* City.swift in Sources */ = {isa = PBXBuildFile; fileRef = 856335292B9FDC540004715A /* City.swift */; };
		8594AC5E2BA2EF22001F6A7E /* Forecast.swift in Sources */ = {isa = PBXBuildFile; fileRef = 8594AC5D2BA2EF22001F6A7E /* Forecast.swift */; };
		8594AC622BA2F326001F6A7E /* ErrorValues.swift in Sources */ = {isa = PBXBuildFile; fileRef = 8594AC612BA2F326001F6A7E /* ErrorValues.swift */; };
		8594AC642BA2F337001F6A7E /* Constants.swift in Sources */ = {isa = PBXBuildFile; fileRef = 8594AC632BA2F337001F6A7E /* Constants.swift */; };
/* End PBXBuildFile section */

/* Begin PBXFileReference section */
		600BECC02B9F9E440081AF4A /* WeatherApp.app */ = {isa = PBXFileReference; explicitFileType = wrapper.application; includeInIndex = 0; path = WeatherApp.app; sourceTree = BUILT_PRODUCTS_DIR; };
		600BECC32B9F9E440081AF4A /* AppDelegate.swift */ = {isa = PBXFileReference; lastKnownFileType = sourcecode.swift; path = AppDelegate.swift; sourceTree = "<group>"; };
		600BECC52B9F9E440081AF4A /* SceneDelegate.swift */ = {isa = PBXFileReference; lastKnownFileType = sourcecode.swift; path = SceneDelegate.swift; sourceTree = "<group>"; };
		600BECCA2B9F9E440081AF4A /* Base */ = {isa = PBXFileReference; lastKnownFileType = file.storyboard; name = Base; path = Base.lproj/Main.storyboard; sourceTree = "<group>"; };
		600BECCC2B9F9E460081AF4A /* Assets.xcassets */ = {isa = PBXFileReference; lastKnownFileType = folder.assetcatalog; path = Assets.xcassets; sourceTree = "<group>"; };
		600BECCF2B9F9E460081AF4A /* Base */ = {isa = PBXFileReference; lastKnownFileType = file.storyboard; name = Base; path = Base.lproj/LaunchScreen.storyboard; sourceTree = "<group>"; };
		600BECD12B9F9E460081AF4A /* Info.plist */ = {isa = PBXFileReference; lastKnownFileType = text.plist.xml; path = Info.plist; sourceTree = "<group>"; };
		600BECD72B9F9E810081AF4A /* CitiesViewController.swift */ = {isa = PBXFileReference; lastKnownFileType = sourcecode.swift; path = CitiesViewController.swift; sourceTree = "<group>"; };
		600BECD92B9F9E8B0081AF4A /* ForecastViewController.swift */ = {isa = PBXFileReference; lastKnownFileType = sourcecode.swift; path = ForecastViewController.swift; sourceTree = "<group>"; };
		600BECDD2B9F9F2B0081AF4A /* ForecastTableViewCell.swift */ = {isa = PBXFileReference; lastKnownFileType = sourcecode.swift; path = ForecastTableViewCell.swift; sourceTree = "<group>"; };
		600BECDE2B9F9F2B0081AF4A /* ForecastTableViewCell.xib */ = {isa = PBXFileReference; lastKnownFileType = file.xib; path = ForecastTableViewCell.xib; sourceTree = "<group>"; };
		856335292B9FDC540004715A /* City.swift */ = {isa = PBXFileReference; lastKnownFileType = sourcecode.swift; path = City.swift; sourceTree = "<group>"; };
		8594AC5D2BA2EF22001F6A7E /* Forecast.swift */ = {isa = PBXFileReference; lastKnownFileType = sourcecode.swift; path = Forecast.swift; sourceTree = "<group>"; };
		8594AC612BA2F326001F6A7E /* ErrorValues.swift */ = {isa = PBXFileReference; lastKnownFileType = sourcecode.swift; path = ErrorValues.swift; sourceTree = "<group>"; };
		8594AC632BA2F337001F6A7E /* Constants.swift */ = {isa = PBXFileReference; lastKnownFileType = sourcecode.swift; path = Constants.swift; sourceTree = "<group>"; };
/* End PBXFileReference section */

/* Begin PBXFrameworksBuildPhase section */
		600BECBD2B9F9E440081AF4A /* Frameworks */ = {
			isa = PBXFrameworksBuildPhase;
			buildActionMask = 2147483647;
			files = (
				856335252B9FD3D80004715A /* Kingfisher in Frameworks */,
				856335202B9FD3AA0004715A /* Alamofire in Frameworks */,
				856335282B9FD3F90004715A /* SwiftyJSON in Frameworks */,
				852A2BDE2BA8E252008EA145 /* PKHUD in Frameworks */,
				856335222B9FD3AA0004715A /* AlamofireDynamic in Frameworks */,
			);
			runOnlyForDeploymentPostprocessing = 0;
		};
/* End PBXFrameworksBuildPhase section */

/* Begin PBXGroup section */
		600BECB72B9F9E440081AF4A = {
			isa = PBXGroup;
			children = (
				600BECC22B9F9E440081AF4A /* WeatherApp */,
				600BECC12B9F9E440081AF4A /* Products */,
			);
			sourceTree = "<group>";
		};
		600BECC12B9F9E440081AF4A /* Products */ = {
			isa = PBXGroup;
			children = (
				600BECC02B9F9E440081AF4A /* WeatherApp.app */,
			);
			name = Products;
			sourceTree = "<group>";
		};
		600BECC22B9F9E440081AF4A /* WeatherApp */ = {
			isa = PBXGroup;
			children = (
				600BECDC2B9F9F190081AF4A /* Views */,
				600BECDB2B9F9F0E0081AF4A /* View Controllers */,
				600BECC32B9F9E440081AF4A /* AppDelegate.swift */,
				600BECC52B9F9E440081AF4A /* SceneDelegate.swift */,
				600BECC92B9F9E440081AF4A /* Main.storyboard */,
				8594AC5D2BA2EF22001F6A7E /* Forecast.swift */,
				600BECCC2B9F9E460081AF4A /* Assets.xcassets */,
				600BECCE2B9F9E460081AF4A /* LaunchScreen.storyboard */,
				600BECD12B9F9E460081AF4A /* Info.plist */,
				600BECD72B9F9E810081AF4A /* CitiesViewController.swift */,
				8594AC612BA2F326001F6A7E /* ErrorValues.swift */,
				8594AC632BA2F337001F6A7E /* Constants.swift */,
				600BECD92B9F9E8B0081AF4A /* ForecastViewController.swift */,
				856335292B9FDC540004715A /* City.swift */,
			);
			path = WeatherApp;
			sourceTree = "<group>";
		};
		600BECDB2B9F9F0E0081AF4A /* View Controllers */ = {
			isa = PBXGroup;
			children = (
			);
			path = "View Controllers";
			sourceTree = "<group>";
		};
		600BECDC2B9F9F190081AF4A /* Views */ = {
			isa = PBXGroup;
			children = (
				600BECDD2B9F9F2B0081AF4A /* ForecastTableViewCell.swift */,
				600BECDE2B9F9F2B0081AF4A /* ForecastTableViewCell.xib */,
			);
			path = Views;
			sourceTree = "<group>";
		};
/* End PBXGroup section */

/* Begin PBXNativeTarget section */
		600BECBF2B9F9E440081AF4A /* WeatherApp */ = {
			isa = PBXNativeTarget;
			buildConfigurationList = 600BECD42B9F9E460081AF4A /* Build configuration list for PBXNativeTarget "WeatherApp" */;
			buildPhases = (
				600BECBC2B9F9E440081AF4A /* Sources */,
				600BECBD2B9F9E440081AF4A /* Frameworks */,
				600BECBE2B9F9E440081AF4A /* Resources */,
			);
			buildRules = (
			);
			dependencies = (
			);
			name = WeatherApp;
			packageProductDependencies = (
				8563351F2B9FD3AA0004715A /* Alamofire */,
				856335212B9FD3AA0004715A /* AlamofireDynamic */,
				856335242B9FD3D80004715A /* Kingfisher */,
				856335272B9FD3F90004715A /* SwiftyJSON */,
				852A2BDD2BA8E252008EA145 /* PKHUD */,
			);
			productName = WeatherApp;
			productReference = 600BECC02B9F9E440081AF4A /* WeatherApp.app */;
			productType = "com.apple.product-type.application";
		};
/* End PBXNativeTarget section */

/* Begin PBXProject section */
		600BECB82B9F9E440081AF4A /* Project object */ = {
			isa = PBXProject;
			attributes = {
				BuildIndependentTargetsInParallel = 1;
				LastSwiftUpdateCheck = 1520;
				LastUpgradeCheck = 1520;
				TargetAttributes = {
					600BECBF2B9F9E440081AF4A = {
						CreatedOnToolsVersion = 15.2;
					};
				};
			};
			buildConfigurationList = 600BECBB2B9F9E440081AF4A /* Build configuration list for PBXProject "WeatherApp" */;
			compatibilityVersion = "Xcode 14.0";
			developmentRegion = en;
			hasScannedForEncodings = 0;
			knownRegions = (
				en,
				Base,
			);
			mainGroup = 600BECB72B9F9E440081AF4A;
			packageReferences = (
				8563351E2B9FD3AA0004715A /* XCRemoteSwiftPackageReference "Alamofire" */,
				856335232B9FD3D80004715A /* XCRemoteSwiftPackageReference "Kingfisher" */,
				856335262B9FD3F90004715A /* XCRemoteSwiftPackageReference "SwiftyJSON" */,
				852A2BDC2BA8DC04008EA145 /* XCRemoteSwiftPackageReference "PKHUD" */,
			);
			productRefGroup = 600BECC12B9F9E440081AF4A /* Products */;
			projectDirPath = "";
			projectRoot = "";
			targets = (
				600BECBF2B9F9E440081AF4A /* WeatherApp */,
			);
		};
/* End PBXProject section */

/* Begin PBXResourcesBuildPhase section */
		600BECBE2B9F9E440081AF4A /* Resources */ = {
			isa = PBXResourcesBuildPhase;
			buildActionMask = 2147483647;
			files = (
				600BECE02B9F9F2B0081AF4A /* ForecastTableViewCell.xib in Resources */,
				600BECD02B9F9E460081AF4A /* LaunchScreen.storyboard in Resources */,
				600BECCD2B9F9E460081AF4A /* Assets.xcassets in Resources */,
				600BECCB2B9F9E440081AF4A /* Main.storyboard in Resources */,
			);
			runOnlyForDeploymentPostprocessing = 0;
		};
/* End PBXResourcesBuildPhase section */

/* Begin PBXSourcesBuildPhase section */
		600BECBC2B9F9E440081AF4A /* Sources */ = {
			isa = PBXSourcesBuildPhase;
			buildActionMask = 2147483647;
			files = (
				600BECD82B9F9E810081AF4A /* CitiesViewController.swift in Sources */,
				600BECDF2B9F9F2B0081AF4A /* ForecastTableViewCell.swift in Sources */,
				8594AC5E2BA2EF22001F6A7E /* Forecast.swift in Sources */,
				8563352A2B9FDC540004715A /* City.swift in Sources */,
				600BECDA2B9F9E8B0081AF4A /* ForecastViewController.swift in Sources */,
				600BECC42B9F9E440081AF4A /* AppDelegate.swift in Sources */,
				8594AC622BA2F326001F6A7E /* ErrorValues.swift in Sources */,
				600BECC62B9F9E440081AF4A /* SceneDelegate.swift in Sources */,
				8594AC642BA2F337001F6A7E /* Constants.swift in Sources */,
			);
			runOnlyForDeploymentPostprocessing = 0;
		};
/* End PBXSourcesBuildPhase section */

/* Begin PBXVariantGroup section */
		600BECC92B9F9E440081AF4A /* Main.storyboard */ = {
			isa = PBXVariantGroup;
			children = (
				600BECCA2B9F9E440081AF4A /* Base */,
			);
			name = Main.storyboard;
			sourceTree = "<group>";
		};
		600BECCE2B9F9E460081AF4A /* LaunchScreen.storyboard */ = {
			isa = PBXVariantGroup;
			children = (
				600BECCF2B9F9E460081AF4A /* Base */,
			);
			name = LaunchScreen.storyboard;
			sourceTree = "<group>";
		};
/* End PBXVariantGroup section */

/* Begin XCBuildConfiguration section */
		600BECD22B9F9E460081AF4A /* Debug */ = {
			isa = XCBuildConfiguration;
			buildSettings = {
				ALWAYS_SEARCH_USER_PATHS = NO;
				ASSETCATALOG_COMPILER_GENERATE_SWIFT_ASSET_SYMBOL_EXTENSIONS = YES;
				CLANG_ANALYZER_NONNULL = YES;
				CLANG_ANALYZER_NUMBER_OBJECT_CONVERSION = YES_AGGRESSIVE;
				CLANG_CXX_LANGUAGE_STANDARD = "gnu++20";
				CLANG_ENABLE_MODULES = YES;
				CLANG_ENABLE_OBJC_ARC = YES;
				CLANG_ENABLE_OBJC_WEAK = YES;
				CLANG_WARN_BLOCK_CAPTURE_AUTORELEASING = YES;
				CLANG_WARN_BOOL_CONVERSION = YES;
				CLANG_WARN_COMMA = YES;
				CLANG_WARN_CONSTANT_CONVERSION = YES;
				CLANG_WARN_DEPRECATED_OBJC_IMPLEMENTATIONS = YES;
				CLANG_WARN_DIRECT_OBJC_ISA_USAGE = YES_ERROR;
				CLANG_WARN_DOCUMENTATION_COMMENTS = YES;
				CLANG_WARN_EMPTY_BODY = YES;
				CLANG_WARN_ENUM_CONVERSION = YES;
				CLANG_WARN_INFINITE_RECURSION = YES;
				CLANG_WARN_INT_CONVERSION = YES;
				CLANG_WARN_NON_LITERAL_NULL_CONVERSION = YES;
				CLANG_WARN_OBJC_IMPLICIT_RETAIN_SELF = YES;
				CLANG_WARN_OBJC_LITERAL_CONVERSION = YES;
				CLANG_WARN_OBJC_ROOT_CLASS = YES_ERROR;
				CLANG_WARN_QUOTED_INCLUDE_IN_FRAMEWORK_HEADER = YES;
				CLANG_WARN_RANGE_LOOP_ANALYSIS = YES;
				CLANG_WARN_STRICT_PROTOTYPES = YES;
				CLANG_WARN_SUSPICIOUS_MOVE = YES;
				CLANG_WARN_UNGUARDED_AVAILABILITY = YES_AGGRESSIVE;
				CLANG_WARN_UNREACHABLE_CODE = YES;
				CLANG_WARN__DUPLICATE_METHOD_MATCH = YES;
				COPY_PHASE_STRIP = NO;
				DEBUG_INFORMATION_FORMAT = dwarf;
				ENABLE_STRICT_OBJC_MSGSEND = YES;
				ENABLE_TESTABILITY = YES;
				ENABLE_USER_SCRIPT_SANDBOXING = YES;
				GCC_C_LANGUAGE_STANDARD = gnu17;
				GCC_DYNAMIC_NO_PIC = NO;
				GCC_NO_COMMON_BLOCKS = YES;
				GCC_OPTIMIZATION_LEVEL = 0;
				GCC_PREPROCESSOR_DEFINITIONS = (
					"DEBUG=1",
					"$(inherited)",
				);
				GCC_WARN_64_TO_32_BIT_CONVERSION = YES;
				GCC_WARN_ABOUT_RETURN_TYPE = YES_ERROR;
				GCC_WARN_UNDECLARED_SELECTOR = YES;
				GCC_WARN_UNINITIALIZED_AUTOS = YES_AGGRESSIVE;
				GCC_WARN_UNUSED_FUNCTION = YES;
				GCC_WARN_UNUSED_VARIABLE = YES;
				IPHONEOS_DEPLOYMENT_TARGET = 17.2;
				LOCALIZATION_PREFERS_STRING_CATALOGS = YES;
				MTL_ENABLE_DEBUG_INFO = INCLUDE_SOURCE;
				MTL_FAST_MATH = YES;
				ONLY_ACTIVE_ARCH = YES;
				SDKROOT = iphoneos;
				SWIFT_ACTIVE_COMPILATION_CONDITIONS = "DEBUG $(inherited)";
				SWIFT_OPTIMIZATION_LEVEL = "-Onone";
			};
			name = Debug;
		};
		600BECD32B9F9E460081AF4A /* Release */ = {
			isa = XCBuildConfiguration;
			buildSettings = {
				ALWAYS_SEARCH_USER_PATHS = NO;
				ASSETCATALOG_COMPILER_GENERATE_SWIFT_ASSET_SYMBOL_EXTENSIONS = YES;
				CLANG_ANALYZER_NONNULL = YES;
				CLANG_ANALYZER_NUMBER_OBJECT_CONVERSION = YES_AGGRESSIVE;
				CLANG_CXX_LANGUAGE_STANDARD = "gnu++20";
				CLANG_ENABLE_MODULES = YES;
				CLANG_ENABLE_OBJC_ARC = YES;
				CLANG_ENABLE_OBJC_WEAK = YES;
				CLANG_WARN_BLOCK_CAPTURE_AUTORELEASING = YES;
				CLANG_WARN_BOOL_CONVERSION = YES;
				CLANG_WARN_COMMA = YES;
				CLANG_WARN_CONSTANT_CONVERSION = YES;
				CLANG_WARN_DEPRECATED_OBJC_IMPLEMENTATIONS = YES;
				CLANG_WARN_DIRECT_OBJC_ISA_USAGE = YES_ERROR;
				CLANG_WARN_DOCUMENTATION_COMMENTS = YES;
				CLANG_WARN_EMPTY_BODY = YES;
				CLANG_WARN_ENUM_CONVERSION = YES;
				CLANG_WARN_INFINITE_RECURSION = YES;
				CLANG_WARN_INT_CONVERSION = YES;
				CLANG_WARN_NON_LITERAL_NULL_CONVERSION = YES;
				CLANG_WARN_OBJC_IMPLICIT_RETAIN_SELF = YES;
				CLANG_WARN_OBJC_LITERAL_CONVERSION = YES;
				CLANG_WARN_OBJC_ROOT_CLASS = YES_ERROR;
				CLANG_WARN_QUOTED_INCLUDE_IN_FRAMEWORK_HEADER = YES;
				CLANG_WARN_RANGE_LOOP_ANALYSIS = YES;
				CLANG_WARN_STRICT_PROTOTYPES = YES;
				CLANG_WARN_SUSPICIOUS_MOVE = YES;
				CLANG_WARN_UNGUARDED_AVAILABILITY = YES_AGGRESSIVE;
				CLANG_WARN_UNREACHABLE_CODE = YES;
				CLANG_WARN__DUPLICATE_METHOD_MATCH = YES;
				COPY_PHASE_STRIP = NO;
				DEBUG_INFORMATION_FORMAT = "dwarf-with-dsym";
				ENABLE_NS_ASSERTIONS = NO;
				ENABLE_STRICT_OBJC_MSGSEND = YES;
				ENABLE_USER_SCRIPT_SANDBOXING = YES;
				GCC_C_LANGUAGE_STANDARD = gnu17;
				GCC_NO_COMMON_BLOCKS = YES;
				GCC_WARN_64_TO_32_BIT_CONVERSION = YES;
				GCC_WARN_ABOUT_RETURN_TYPE = YES_ERROR;
				GCC_WARN_UNDECLARED_SELECTOR = YES;
				GCC_WARN_UNINITIALIZED_AUTOS = YES_AGGRESSIVE;
				GCC_WARN_UNUSED_FUNCTION = YES;
				GCC_WARN_UNUSED_VARIABLE = YES;
				IPHONEOS_DEPLOYMENT_TARGET = 17.2;
				LOCALIZATION_PREFERS_STRING_CATALOGS = YES;
				MTL_ENABLE_DEBUG_INFO = NO;
				MTL_FAST_MATH = YES;
				SDKROOT = iphoneos;
				SWIFT_COMPILATION_MODE = wholemodule;
				VALIDATE_PRODUCT = YES;
			};
			name = Release;
		};
		600BECD52B9F9E460081AF4A /* Debug */ = {
			isa = XCBuildConfiguration;
			buildSettings = {
				ASSETCATALOG_COMPILER_APPICON_NAME = AppIcon;
				ASSETCATALOG_COMPILER_GLOBAL_ACCENT_COLOR_NAME = AccentColor;
				CODE_SIGN_STYLE = Automatic;
				CURRENT_PROJECT_VERSION = 1;
				GENERATE_INFOPLIST_FILE = YES;
				INFOPLIST_FILE = WeatherApp/Info.plist;
				INFOPLIST_KEY_UIApplicationSupportsIndirectInputEvents = YES;
				INFOPLIST_KEY_UILaunchStoryboardName = LaunchScreen;
				INFOPLIST_KEY_UIMainStoryboardFile = Main;
				INFOPLIST_KEY_UISupportedInterfaceOrientations_iPad = "UIInterfaceOrientationPortrait UIInterfaceOrientationPortraitUpsideDown UIInterfaceOrientationLandscapeLeft UIInterfaceOrientationLandscapeRight";
				INFOPLIST_KEY_UISupportedInterfaceOrientations_iPhone = "UIInterfaceOrientationPortrait UIInterfaceOrientationLandscapeLeft UIInterfaceOrientationLandscapeRight";
				LD_RUNPATH_SEARCH_PATHS = (
					"$(inherited)",
					"@executable_path/Frameworks",
				);
				MARKETING_VERSION = 1.0;
				PRODUCT_BUNDLE_IDENTIFIER = edu.uncc.WeatherApp;
				PRODUCT_NAME = "$(TARGET_NAME)";
				SWIFT_EMIT_LOC_STRINGS = YES;
				SWIFT_VERSION = 5.0;
				TARGETED_DEVICE_FAMILY = "1,2";
			};
			name = Debug;
		};
		600BECD62B9F9E460081AF4A /* Release */ = {
			isa = XCBuildConfiguration;
			buildSettings = {
				ASSETCATALOG_COMPILER_APPICON_NAME = AppIcon;
				ASSETCATALOG_COMPILER_GLOBAL_ACCENT_COLOR_NAME = AccentColor;
				CODE_SIGN_STYLE = Automatic;
				CURRENT_PROJECT_VERSION = 1;
				GENERATE_INFOPLIST_FILE = YES;
				INFOPLIST_FILE = WeatherApp/Info.plist;
				INFOPLIST_KEY_UIApplicationSupportsIndirectInputEvents = YES;
				INFOPLIST_KEY_UILaunchStoryboardName = LaunchScreen;
				INFOPLIST_KEY_UIMainStoryboardFile = Main;
				INFOPLIST_KEY_UISupportedInterfaceOrientations_iPad = "UIInterfaceOrientationPortrait UIInterfaceOrientationPortraitUpsideDown UIInterfaceOrientationLandscapeLeft UIInterfaceOrientationLandscapeRight";
				INFOPLIST_KEY_UISupportedInterfaceOrientations_iPhone = "UIInterfaceOrientationPortrait UIInterfaceOrientationLandscapeLeft UIInterfaceOrientationLandscapeRight";
				LD_RUNPATH_SEARCH_PATHS = (
					"$(inherited)",
					"@executable_path/Frameworks",
				);
				MARKETING_VERSION = 1.0;
				PRODUCT_BUNDLE_IDENTIFIER = edu.uncc.WeatherApp;
				PRODUCT_NAME = "$(TARGET_NAME)";
				SWIFT_EMIT_LOC_STRINGS = YES;
				SWIFT_VERSION = 5.0;
				TARGETED_DEVICE_FAMILY = "1,2";
			};
			name = Release;
		};
/* End XCBuildConfiguration section */

/* Begin XCConfigurationList section */
		600BECBB2B9F9E440081AF4A /* Build configuration list for PBXProject "WeatherApp" */ = {
			isa = XCConfigurationList;
			buildConfigurations = (
				600BECD22B9F9E460081AF4A /* Debug */,
				600BECD32B9F9E460081AF4A /* Release */,
			);
			defaultConfigurationIsVisible = 0;
			defaultConfigurationName = Release;
		};
		600BECD42B9F9E460081AF4A /* Build configuration list for PBXNativeTarget "WeatherApp" */ = {
			isa = XCConfigurationList;
			buildConfigurations = (
				600BECD52B9F9E460081AF4A /* Debug */,
				600BECD62B9F9E460081AF4A /* Release */,
			);
			defaultConfigurationIsVisible = 0;
			defaultConfigurationName = Release;
		};
/* End XCConfigurationList section */

/* Begin XCRemoteSwiftPackageReference section */
		852A2BDC2BA8DC04008EA145 /* XCRemoteSwiftPackageReference "PKHUD" */ = {
			isa = XCRemoteSwiftPackageReference;
			repositoryURL = "https://github.com/pkluz/PKHUD.git";
			requirement = {
				kind = upToNextMajorVersion;
				minimumVersion = 5.4.0;
			};
		};
		8563351E2B9FD3AA0004715A /* XCRemoteSwiftPackageReference "Alamofire" */ = {
			isa = XCRemoteSwiftPackageReference;
			repositoryURL = "git@github.com:Alamofire/Alamofire.git";
			requirement = {
				kind = upToNextMajorVersion;
				minimumVersion = 5.9.0;
			};
		};
		856335232B9FD3D80004715A /* XCRemoteSwiftPackageReference "Kingfisher" */ = {
			isa = XCRemoteSwiftPackageReference;
			repositoryURL = "git@github.com:onevcat/Kingfisher.git";
			requirement = {
				kind = upToNextMajorVersion;
				minimumVersion = 7.11.0;
			};
		};
		856335262B9FD3F90004715A /* XCRemoteSwiftPackageReference "SwiftyJSON" */ = {
			isa = XCRemoteSwiftPackageReference;
			repositoryURL = "git@github.com:SwiftyJSON/SwiftyJSON.git";
			requirement = {
				kind = upToNextMajorVersion;
				minimumVersion = 5.0.1;
			};
		};
/* End XCRemoteSwiftPackageReference section */

/* Begin XCSwiftPackageProductDependency section */
		852A2BDD2BA8E252008EA145 /* PKHUD */ = {
			isa = XCSwiftPackageProductDependency;
			package = 852A2BDC2BA8DC04008EA145 /* XCRemoteSwiftPackageReference "PKHUD" */;
			productName = PKHUD;
		};
		8563351F2B9FD3AA0004715A /* Alamofire */ = {
			isa = XCSwiftPackageProductDependency;
			package = 8563351E2B9FD3AA0004715A /* XCRemoteSwiftPackageReference "Alamofire" */;
			productName = Alamofire;
		};
		856335212B9FD3AA0004715A /* AlamofireDynamic */ = {
			isa = XCSwiftPackageProductDependency;
			package = 8563351E2B9FD3AA0004715A /* XCRemoteSwiftPackageReference "Alamofire" */;
			productName = AlamofireDynamic;
		};
		856335242B9FD3D80004715A /* Kingfisher */ = {
			isa = XCSwiftPackageProductDependency;
			package = 856335232B9FD3D80004715A /* XCRemoteSwiftPackageReference "Kingfisher" */;
			productName = Kingfisher;
		};
		856335272B9FD3F90004715A /* SwiftyJSON */ = {
			isa = XCSwiftPackageProductDependency;
			package = 856335262B9FD3F90004715A /* XCRemoteSwiftPackageReference "SwiftyJSON" */;
			productName = SwiftyJSON;
		};
/* End XCSwiftPackageProductDependency section */
	};
	rootObject = 600BECB82B9F9E440081AF4A /* Project object */;
}
